
Microsoft Visual Studio Solution File, Format Version 12.00
# Visual Studio Version 16
VisualStudioVersion = 16.0.31515.178
MinimumVisualStudioVersion = 10.0.40219.1
Project("{FAE04EC0-301F-11D3-BF4B-00C04F79EFBC}") = "BlessInput", "BlessInput\BlessInput.csproj", "{22511E8F-4DDF-47F8-B1CA-138A7DD7F7B2}"
EndProject
Project("{FAE04EC0-301F-11D3-BF4B-00C04F79EFBC}") = "ConsoleApp1", "ConsoleApp1\ConsoleApp1.csproj", "{5357A2C0-5A6C-4D2F-BB1F-30499AB92D6B}"
EndProject
Global
	GlobalSection(SolutionConfigurationPlatforms) = preSolution
		Debug|Any CPU = Debug|Any CPU
		Release|Any CPU = Release|Any CPU
	EndGlobalSection
	GlobalSection(ProjectConfigurationPlatforms) = postSolution
		{22511E8F-4DDF-47F8-B1CA-138A7DD7F7B2}.Debug|Any CPU.ActiveCfg = Debug|Any CPU
		{22511E8F-4DDF-47F8-B1CA-138A7DD7F7B2}.Debug|Any CPU.Build.0 = Debug|Any CPU
		{22511E8F-4DDF-47F8-B1CA-138A7DD7F7B2}.Release|Any CPU.ActiveCfg = Release|Any CPU
		{22511E8F-4DDF-47F8-B1CA-138A7DD7F7B2}.Release|Any CPU.Build.0 = Release|Any CPU
		{5357A2C0-5A6C-4D2F-BB1F-30499AB92D6B}.Debug|Any CPU.ActiveCfg = Debug|Any CPU
		{5357A2C0-5A6C-4D2F-BB1F-30499AB92D6B}.Debug|Any CPU.Build.0 = Debug|Any CPU
		{5357A2C0-5A6C-4D2F-BB1F-30499AB92D6B}.Release|Any CPU.ActiveCfg = Release|Any CPU
		{5357A2C0-5A6C-4D2F-BB1F-30499AB92D6B}.Release|Any CPU.Build.0 = Release|Any CPU
	EndGlobalSection
	GlobalSection(SolutionProperties) = preSolution
		HideSolutionNode = FALSE
	EndGlobalSection
	GlobalSection(ExtensibilityGlobals) = postSolution
		SolutionGuid = {13A400E2-F284-4B36-876E-6A1B630BC378}
	EndGlobalSection
EndGlobal
